
Microsoft Visual Studio Solution File, Format Version 12.00
# Visual Studio Version 16
VisualStudioVersion = 16.0.30225.117
MinimumVisualStudioVersion = 10.0.40219.1
Project("{FAE04EC0-301F-11D3-BF4B-00C04F79EFBC}") = "Builder", "Builder\Builder.csproj", "{25F72366-04AE-484F-9090-7C16D57EB2CF}"
EndProject
Global
	GlobalSection(SolutionConfigurationPlatforms) = preSolution
		Debug|Any CPU = Debug|Any CPU
		Release|Any CPU = Release|Any CPU
	EndGlobalSection
	GlobalSection(ProjectConfigurationPlatforms) = postSolution
		{25F72366-04AE-484F-9090-7C16D57EB2CF}.Debug|Any CPU.ActiveCfg = Debug|Any CPU
		{25F72366-04AE-484F-9090-7C16D57EB2CF}.Debug|Any CPU.Build.0 = Debug|Any CPU
		{25F72366-04AE-484F-9090-7C16D57EB2CF}.Release|Any CPU.ActiveCfg = Release|Any CPU
		{25F72366-04AE-484F-9090-7C16D57EB2CF}.Release|Any CPU.Build.0 = Release|Any CPU
	EndGlobalSection
	GlobalSection(SolutionProperties) = preSolution
		HideSolutionNode = FALSE
	EndGlobalSection
	GlobalSection(ExtensibilityGlobals) = postSolution
		SolutionGuid = {01AE568D-99CF-4102-851B-8E51A688F0CF}
	EndGlobalSection
EndGlobal
